
Microsoft Visual Studio Solution File, Format Version 12.00
# Visual Studio Version 16
VisualStudioVersion = 16.0.30907.101
MinimumVisualStudioVersion = 10.0.40219.1
Project("{FAE04EC0-301F-11D3-BF4B-00C04F79EFBC}") = "lab8t1", "lab8t1.csproj", "{FBF56A63-8442-4CEF-9682-1F16B8739CAA}"
EndProject
Global
	GlobalSection(SolutionConfigurationPlatforms) = preSolution
		Debug|Any CPU = Debug|Any CPU
		Release|Any CPU = Release|Any CPU
	EndGlobalSection
	GlobalSection(ProjectConfigurationPlatforms) = postSolution
		{FBF56A63-8442-4CEF-9682-1F16B8739CAA}.Debug|Any CPU.ActiveCfg = Debug|Any CPU
		{FBF56A63-8442-4CEF-9682-1F16B8739CAA}.Debug|Any CPU.Build.0 = Debug|Any CPU
		{FBF56A63-8442-4CEF-9682-1F16B8739CAA}.Release|Any CPU.ActiveCfg = Release|Any CPU
		{FBF56A63-8442-4CEF-9682-1F16B8739CAA}.Release|Any CPU.Build.0 = Release|Any CPU
	EndGlobalSection
	GlobalSection(SolutionProperties) = preSolution
		HideSolutionNode = FALSE
	EndGlobalSection
	GlobalSection(ExtensibilityGlobals) = postSolution
		SolutionGuid = {37202F45-5C26-4B5D-8CE7-45C17E64F2B8}
	EndGlobalSection
EndGlobal
