
Microsoft Visual Studio Solution File, Format Version 12.00
# Visual Studio Version 16
VisualStudioVersion = 16.0.30907.101
MinimumVisualStudioVersion = 10.0.40219.1
Project("{FAE04EC0-301F-11D3-BF4B-00C04F79EFBC}") = "Lab 7 Ex3", "Lab 7 Ex3\Lab 7 Ex3.csproj", "{2DAD7226-9E85-4D21-ACAE-2C4B61A65BDF}"
EndProject
Global
	GlobalSection(SolutionConfigurationPlatforms) = preSolution
		Debug|Any CPU = Debug|Any CPU
		Release|Any CPU = Release|Any CPU
	EndGlobalSection
	GlobalSection(ProjectConfigurationPlatforms) = postSolution
		{2DAD7226-9E85-4D21-ACAE-2C4B61A65BDF}.Debug|Any CPU.ActiveCfg = Debug|Any CPU
		{2DAD7226-9E85-4D21-ACAE-2C4B61A65BDF}.Debug|Any CPU.Build.0 = Debug|Any CPU
		{2DAD7226-9E85-4D21-ACAE-2C4B61A65BDF}.Release|Any CPU.ActiveCfg = Release|Any CPU
		{2DAD7226-9E85-4D21-ACAE-2C4B61A65BDF}.Release|Any CPU.Build.0 = Release|Any CPU
	EndGlobalSection
	GlobalSection(SolutionProperties) = preSolution
		HideSolutionNode = FALSE
	EndGlobalSection
	GlobalSection(ExtensibilityGlobals) = postSolution
		SolutionGuid = {36B07047-7DB1-4EAF-8BBE-430D5913D372}
	EndGlobalSection
EndGlobal
