
Microsoft Visual Studio Solution File, Format Version 12.00
# Visual Studio Version 16
VisualStudioVersion = 16.0.30907.101
MinimumVisualStudioVersion = 10.0.40219.1
Project("{FAE04EC0-301F-11D3-BF4B-00C04F79EFBC}") = "Lab6 Ex1", "Lab6 Ex1\Lab6 Ex1.csproj", "{61206CE2-4A58-4B0B-99CD-1256B5144F24}"
EndProject
Global
	GlobalSection(SolutionConfigurationPlatforms) = preSolution
		Debug|Any CPU = Debug|Any CPU
		Release|Any CPU = Release|Any CPU
	EndGlobalSection
	GlobalSection(ProjectConfigurationPlatforms) = postSolution
		{61206CE2-4A58-4B0B-99CD-1256B5144F24}.Debug|Any CPU.ActiveCfg = Debug|Any CPU
		{61206CE2-4A58-4B0B-99CD-1256B5144F24}.Debug|Any CPU.Build.0 = Debug|Any CPU
		{61206CE2-4A58-4B0B-99CD-1256B5144F24}.Release|Any CPU.ActiveCfg = Release|Any CPU
		{61206CE2-4A58-4B0B-99CD-1256B5144F24}.Release|Any CPU.Build.0 = Release|Any CPU
	EndGlobalSection
	GlobalSection(SolutionProperties) = preSolution
		HideSolutionNode = FALSE
	EndGlobalSection
	GlobalSection(ExtensibilityGlobals) = postSolution
		SolutionGuid = {3AFE45F1-4DF4-46BE-B79E-A0734888723F}
	EndGlobalSection
EndGlobal
