
Microsoft Visual Studio Solution File, Format Version 12.00
# Visual Studio Version 16
VisualStudioVersion = 16.0.30907.101
MinimumVisualStudioVersion = 10.0.40219.1
Project("{FAE04EC0-301F-11D3-BF4B-00C04F79EFBC}") = "Lab5 Ex3", "Lab5 Ex3\Lab5 Ex3.csproj", "{3AB91ADC-08B5-42F8-A916-B129BE9465B4}"
EndProject
Global
	GlobalSection(SolutionConfigurationPlatforms) = preSolution
		Debug|Any CPU = Debug|Any CPU
		Release|Any CPU = Release|Any CPU
	EndGlobalSection
	GlobalSection(ProjectConfigurationPlatforms) = postSolution
		{3AB91ADC-08B5-42F8-A916-B129BE9465B4}.Debug|Any CPU.ActiveCfg = Debug|Any CPU
		{3AB91ADC-08B5-42F8-A916-B129BE9465B4}.Debug|Any CPU.Build.0 = Debug|Any CPU
		{3AB91ADC-08B5-42F8-A916-B129BE9465B4}.Release|Any CPU.ActiveCfg = Release|Any CPU
		{3AB91ADC-08B5-42F8-A916-B129BE9465B4}.Release|Any CPU.Build.0 = Release|Any CPU
	EndGlobalSection
	GlobalSection(SolutionProperties) = preSolution
		HideSolutionNode = FALSE
	EndGlobalSection
	GlobalSection(ExtensibilityGlobals) = postSolution
		SolutionGuid = {31EF8925-4AC2-48B0-8BC8-9829FDC6970E}
	EndGlobalSection
EndGlobal
