
Microsoft Visual Studio Solution File, Format Version 12.00
# Visual Studio Version 16
VisualStudioVersion = 16.0.30907.101
MinimumVisualStudioVersion = 10.0.40219.1
Project("{FAE04EC0-301F-11D3-BF4B-00C04F79EFBC}") = "Lab4 Ex2", "Lab4 Ex2\Lab4 Ex2.csproj", "{C2B570E2-C931-4E27-B8B3-EC889460AB46}"
EndProject
Global
	GlobalSection(SolutionConfigurationPlatforms) = preSolution
		Debug|Any CPU = Debug|Any CPU
		Release|Any CPU = Release|Any CPU
	EndGlobalSection
	GlobalSection(ProjectConfigurationPlatforms) = postSolution
		{C2B570E2-C931-4E27-B8B3-EC889460AB46}.Debug|Any CPU.ActiveCfg = Debug|Any CPU
		{C2B570E2-C931-4E27-B8B3-EC889460AB46}.Debug|Any CPU.Build.0 = Debug|Any CPU
		{C2B570E2-C931-4E27-B8B3-EC889460AB46}.Release|Any CPU.ActiveCfg = Release|Any CPU
		{C2B570E2-C931-4E27-B8B3-EC889460AB46}.Release|Any CPU.Build.0 = Release|Any CPU
	EndGlobalSection
	GlobalSection(SolutionProperties) = preSolution
		HideSolutionNode = FALSE
	EndGlobalSection
	GlobalSection(ExtensibilityGlobals) = postSolution
		SolutionGuid = {EF6D11B7-7E24-4402-AE5D-393AD132B3C7}
	EndGlobalSection
EndGlobal
