
Microsoft Visual Studio Solution File, Format Version 12.00
# Visual Studio Version 16
VisualStudioVersion = 16.0.30907.101
MinimumVisualStudioVersion = 10.0.40219.1
Project("{FAE04EC0-301F-11D3-BF4B-00C04F79EFBC}") = "lab7(4)t5", "lab7(4)t5.csproj", "{DF9AAB31-B38E-424B-965C-0A725A602F88}"
EndProject
Global
	GlobalSection(SolutionConfigurationPlatforms) = preSolution
		Debug|Any CPU = Debug|Any CPU
		Release|Any CPU = Release|Any CPU
	EndGlobalSection
	GlobalSection(ProjectConfigurationPlatforms) = postSolution
		{DF9AAB31-B38E-424B-965C-0A725A602F88}.Debug|Any CPU.ActiveCfg = Debug|Any CPU
		{DF9AAB31-B38E-424B-965C-0A725A602F88}.Debug|Any CPU.Build.0 = Debug|Any CPU
		{DF9AAB31-B38E-424B-965C-0A725A602F88}.Release|Any CPU.ActiveCfg = Release|Any CPU
		{DF9AAB31-B38E-424B-965C-0A725A602F88}.Release|Any CPU.Build.0 = Release|Any CPU
	EndGlobalSection
	GlobalSection(SolutionProperties) = preSolution
		HideSolutionNode = FALSE
	EndGlobalSection
	GlobalSection(ExtensibilityGlobals) = postSolution
		SolutionGuid = {422A96B8-7946-4BE6-A230-295A71E45DB8}
	EndGlobalSection
EndGlobal
